
Microsoft Visual Studio Solution File, Format Version 12.00
# Visual Studio Version 16
VisualStudioVersion = 16.0.30225.117
MinimumVisualStudioVersion = 10.0.40219.1
Project("{FAE04EC0-301F-11D3-BF4B-00C04F79EFBC}") = "QRBarCode.Api", "QRBarCode.Api\QRBarCode.Api.csproj", "{324E09AA-8F07-4CED-A77C-B38067E0691C}"
EndProject
Project("{FAE04EC0-301F-11D3-BF4B-00C04F79EFBC}") = "QRBarCode.Common", "QRBarCode.Common\QRBarCode.Common.csproj", "{B9625B9A-8FE1-461A-A9AD-4859EAF56005}"
EndProject
Project("{FAE04EC0-301F-11D3-BF4B-00C04F79EFBC}") = "QRBarCode.IDomainServer", "QRBarCode.IDomainServer\QRBarCode.IDomainServer.csproj", "{04326EC1-2888-4B53-A050-0D0D2E7064B2}"
EndProject
Project("{FAE04EC0-301F-11D3-BF4B-00C04F79EFBC}") = "QRBarCode.DomainServer", "QRBarCode.DomainServer\QRBarCode.DomainServer.csproj", "{0B122CD8-D08F-4CA4-B938-31F8938159F6}"
EndProject
Project("{FAE04EC0-301F-11D3-BF4B-00C04F79EFBC}") = "QRBarCode.EntityDto", "QRBarCode.EntityDto\QRBarCode.EntityDto.csproj", "{87A12A3D-003A-4AF3-B3C1-282CB28DAB7B}"
EndProject
Global
	GlobalSection(SolutionConfigurationPlatforms) = preSolution
		Debug|Any CPU = Debug|Any CPU
		Release|Any CPU = Release|Any CPU
	EndGlobalSection
	GlobalSection(ProjectConfigurationPlatforms) = postSolution
		{324E09AA-8F07-4CED-A77C-B38067E0691C}.Debug|Any CPU.ActiveCfg = Debug|Any CPU
		{324E09AA-8F07-4CED-A77C-B38067E0691C}.Debug|Any CPU.Build.0 = Debug|Any CPU
		{324E09AA-8F07-4CED-A77C-B38067E0691C}.Release|Any CPU.ActiveCfg = Release|Any CPU
		{324E09AA-8F07-4CED-A77C-B38067E0691C}.Release|Any CPU.Build.0 = Release|Any CPU
		{B9625B9A-8FE1-461A-A9AD-4859EAF56005}.Debug|Any CPU.ActiveCfg = Debug|Any CPU
		{B9625B9A-8FE1-461A-A9AD-4859EAF56005}.Debug|Any CPU.Build.0 = Debug|Any CPU
		{B9625B9A-8FE1-461A-A9AD-4859EAF56005}.Release|Any CPU.ActiveCfg = Release|Any CPU
		{B9625B9A-8FE1-461A-A9AD-4859EAF56005}.Release|Any CPU.Build.0 = Release|Any CPU
		{04326EC1-2888-4B53-A050-0D0D2E7064B2}.Debug|Any CPU.ActiveCfg = Debug|Any CPU
		{04326EC1-2888-4B53-A050-0D0D2E7064B2}.Debug|Any CPU.Build.0 = Debug|Any CPU
		{04326EC1-2888-4B53-A050-0D0D2E7064B2}.Release|Any CPU.ActiveCfg = Release|Any CPU
		{04326EC1-2888-4B53-A050-0D0D2E7064B2}.Release|Any CPU.Build.0 = Release|Any CPU
		{0B122CD8-D08F-4CA4-B938-31F8938159F6}.Debug|Any CPU.ActiveCfg = Debug|Any CPU
		{0B122CD8-D08F-4CA4-B938-31F8938159F6}.Debug|Any CPU.Build.0 = Debug|Any CPU
		{0B122CD8-D08F-4CA4-B938-31F8938159F6}.Release|Any CPU.ActiveCfg = Release|Any CPU
		{0B122CD8-D08F-4CA4-B938-31F8938159F6}.Release|Any CPU.Build.0 = Release|Any CPU
		{87A12A3D-003A-4AF3-B3C1-282CB28DAB7B}.Debug|Any CPU.ActiveCfg = Debug|Any CPU
		{87A12A3D-003A-4AF3-B3C1-282CB28DAB7B}.Debug|Any CPU.Build.0 = Debug|Any CPU
		{87A12A3D-003A-4AF3-B3C1-282CB28DAB7B}.Release|Any CPU.ActiveCfg = Release|Any CPU
		{87A12A3D-003A-4AF3-B3C1-282CB28DAB7B}.Release|Any CPU.Build.0 = Release|Any CPU
	EndGlobalSection
	GlobalSection(SolutionProperties) = preSolution
		HideSolutionNode = FALSE
	EndGlobalSection
	GlobalSection(ExtensibilityGlobals) = postSolution
		SolutionGuid = {5FC931B5-DE2A-41DC-AA5E-474495D0F8CE}
	EndGlobalSection
EndGlobal
